
Microsoft Visual Studio Solution File, Format Version 12.00
# Visual Studio Version 16
VisualStudioVersion = 25.0.1706.0
MinimumVisualStudioVersion = 10.0.40219.1
Project("{FAE04EC0-301F-11D3-BF4B-00C04F79EFBC}") = "CassandraWebExam", "CassandraWebExam\CassandraWebExam.csproj", "{C58395A1-B558-41F4-A5CB-D154669ABA1D}"
EndProject
Global
	GlobalSection(SolutionConfigurationPlatforms) = preSolution
		Debug|Any CPU = Debug|Any CPU
		Release|Any CPU = Release|Any CPU
	EndGlobalSection
	GlobalSection(ProjectConfigurationPlatforms) = postSolution
		{C58395A1-B558-41F4-A5CB-D154669ABA1D}.Debug|Any CPU.ActiveCfg = Debug|Any CPU
		{C58395A1-B558-41F4-A5CB-D154669ABA1D}.Debug|Any CPU.Build.0 = Debug|Any CPU
		{C58395A1-B558-41F4-A5CB-D154669ABA1D}.Release|Any CPU.ActiveCfg = Release|Any CPU
		{C58395A1-B558-41F4-A5CB-D154669ABA1D}.Release|Any CPU.Build.0 = Release|Any CPU
	EndGlobalSection
	GlobalSection(SolutionProperties) = preSolution
		HideSolutionNode = FALSE
	EndGlobalSection
	GlobalSection(ExtensibilityGlobals) = postSolution
		SolutionGuid = {BE7A8037-3B4E-4628-8D84-ACBBA8C5C9E1}
	EndGlobalSection
EndGlobal
